
Microsoft Visual Studio Solution File, Format Version 12.00
# Visual Studio Version 17
VisualStudioVersion = 17.4.33213.308
MinimumVisualStudioVersion = 10.0.40219.1
Project("{FAE04EC0-301F-11D3-BF4B-00C04F79EFBC}") = "TeemosPieShopDotNet", "TeemosPieShopDotNet\TeemosPieShopDotNet.csproj", "{1BD0E676-4235-487C-A40F-110DE2617660}"
EndProject
Global
	GlobalSection(SolutionConfigurationPlatforms) = preSolution
		Debug|Any CPU = Debug|Any CPU
		Release|Any CPU = Release|Any CPU
	EndGlobalSection
	GlobalSection(ProjectConfigurationPlatforms) = postSolution
		{1BD0E676-4235-487C-A40F-110DE2617660}.Debug|Any CPU.ActiveCfg = Debug|Any CPU
		{1BD0E676-4235-487C-A40F-110DE2617660}.Debug|Any CPU.Build.0 = Debug|Any CPU
		{1BD0E676-4235-487C-A40F-110DE2617660}.Release|Any CPU.ActiveCfg = Release|Any CPU
		{1BD0E676-4235-487C-A40F-110DE2617660}.Release|Any CPU.Build.0 = Release|Any CPU
	EndGlobalSection
	GlobalSection(SolutionProperties) = preSolution
		HideSolutionNode = FALSE
	EndGlobalSection
	GlobalSection(ExtensibilityGlobals) = postSolution
		SolutionGuid = {BD271351-CA22-4373-9B5D-D91CC31105BE}
	EndGlobalSection
EndGlobal
